
Microsoft Visual Studio Solution File, Format Version 12.00
# Visual Studio Version 17
VisualStudioVersion = 17.14.36127.28 d17.14
MinimumVisualStudioVersion = 10.0.40219.1
Project("{FAE04EC0-301F-11D3-BF4B-00C04F79EFBC}") = "FlatOut2_ShaderSwapper", "FlatOut2_ShaderSwapper\FlatOut2_ShaderSwapper.csproj", "{5AFCB155-E086-406A-B90F-F80BD96CB9D3}"
EndProject
Project("{FAE04EC0-301F-11D3-BF4B-00C04F79EFBC}") = "FlatOut2.SDK", "C:\Users\zackw\Documents\GitHub\FlatOut2.SDK\FlatOut2.SDK\FlatOut2.SDK.csproj", "{78BD422E-1DA8-7C15-8889-FEF7FAAC9B16}"
EndProject
Global
	GlobalSection(SolutionConfigurationPlatforms) = preSolution
		Debug|Any CPU = Debug|Any CPU
		Release|Any CPU = Release|Any CPU
	EndGlobalSection
	GlobalSection(ProjectConfigurationPlatforms) = postSolution
		{5AFCB155-E086-406A-B90F-F80BD96CB9D3}.Debug|Any CPU.ActiveCfg = Debug|Any CPU
		{5AFCB155-E086-406A-B90F-F80BD96CB9D3}.Debug|Any CPU.Build.0 = Debug|Any CPU
		{5AFCB155-E086-406A-B90F-F80BD96CB9D3}.Release|Any CPU.ActiveCfg = Release|Any CPU
		{5AFCB155-E086-406A-B90F-F80BD96CB9D3}.Release|Any CPU.Build.0 = Release|Any CPU
		{78BD422E-1DA8-7C15-8889-FEF7FAAC9B16}.Debug|Any CPU.ActiveCfg = Debug|Any CPU
		{78BD422E-1DA8-7C15-8889-FEF7FAAC9B16}.Debug|Any CPU.Build.0 = Debug|Any CPU
		{78BD422E-1DA8-7C15-8889-FEF7FAAC9B16}.Release|Any CPU.ActiveCfg = Release|Any CPU
		{78BD422E-1DA8-7C15-8889-FEF7FAAC9B16}.Release|Any CPU.Build.0 = Release|Any CPU
	EndGlobalSection
	GlobalSection(SolutionProperties) = preSolution
		HideSolutionNode = FALSE
	EndGlobalSection
	GlobalSection(ExtensibilityGlobals) = postSolution
		SolutionGuid = {D4424561-F8B0-4185-961D-FDF4C8BABEFA}
	EndGlobalSection
EndGlobal
